
Microsoft Visual Studio Solution File, Format Version 12.00
# Visual Studio Version 17
VisualStudioVersion = 17.6.33829.357
MinimumVisualStudioVersion = 10.0.40219.1
Project("{FAE04EC0-301F-11D3-BF4B-00C04F79EFBC}") = "NGEMA Resturant", "NGEMA Resturant\NGEMA Resturant.csproj", "{CF79D907-5CAA-4E15-832E-AF29109FE146}"
EndProject
Global
	GlobalSection(SolutionConfigurationPlatforms) = preSolution
		Debug|Any CPU = Debug|Any CPU
		Release|Any CPU = Release|Any CPU
	EndGlobalSection
	GlobalSection(ProjectConfigurationPlatforms) = postSolution
		{CF79D907-5CAA-4E15-832E-AF29109FE146}.Debug|Any CPU.ActiveCfg = Debug|Any CPU
		{CF79D907-5CAA-4E15-832E-AF29109FE146}.Debug|Any CPU.Build.0 = Debug|Any CPU
		{CF79D907-5CAA-4E15-832E-AF29109FE146}.Release|Any CPU.ActiveCfg = Release|Any CPU
		{CF79D907-5CAA-4E15-832E-AF29109FE146}.Release|Any CPU.Build.0 = Release|Any CPU
	EndGlobalSection
	GlobalSection(SolutionProperties) = preSolution
		HideSolutionNode = FALSE
	EndGlobalSection
	GlobalSection(ExtensibilityGlobals) = postSolution
		SolutionGuid = {E34F911D-521D-4C8F-86D1-3BBDF1B74A7C}
	EndGlobalSection
EndGlobal
